{
  "object": {
    "pins": [
      {
        "package": "GRDB",
        "repositoryURL": "https://github.com/JoeLago/GRDB.swift.git",
        "state": {
          "branch": "decoding_strategy",
          "revision": "e1eec55995d43370a19550bbf499391d547e1000",
          "version": null
        }
      },
      {
        "package": "SwiftlySearch",
        "repositoryURL": "https://github.com/JoeLago/SwiftlySearch",
        "state": {
          "branch": null,
          "revision": "ab8d73e3ab87ca9e5d7f3ff276c72ba40bca131b",
          "version": "1.2.5"
        }
      },
      {
        "package": "SwiftyUserDefaults",
        "repositoryURL": "https://github.com/sunshinejr/SwiftyUserDefaults",
        "state": {
          "branch": null,
          "revision": "1930a81a299b074fd72eee09e88e452ad37dc34d",
          "version": "5.0.0"
        }
      }
    ]
  },
  "version": 1
}
