// !$*UTF8*$!
{
	archiveVersion = 1;
	classes = {
	};
	objectVersion = 52;
	objects = {

/* Begin PBXBuildFile section */
		14012DE324E912BB00AE1909 /* MonsterHitzoneView.swift in Sources */ = {isa = PBXBuildFile; fileRef = 14012DE224E912BB00AE1909 /* MonsterHitzoneView.swift */; };
		1405268B207EF640001A5E96 /* mhw.db in Resources */ = {isa = PBXBuildFile; fileRef = 1405268A207EF640001A5E96 /* mhw.db */; };
		1409C2A124FE1D7400ACD110 /* WeaponCellView.swift in Sources */ = {isa = PBXBuildFile; fileRef = 1409C2A024FE1D7400ACD110 /* WeaponCellView.swift */; };
		140A133C1EDB57B9002FD025 /* SearchRequest.swift in Sources */ = {isa = PBXBuildFile; fileRef = 140A133B1EDB57B9002FD025 /* SearchRequest.swift */; };
		142443BA24CD6C9B00301E57 /* SkillDetailsView.swift in Sources */ = {isa = PBXBuildFile; fileRef = 142443B924CD6C9B00301E57 /* SkillDetailsView.swift */; };
		142443BC24CD6D2800301E57 /* MonsterRewardView.swift in Sources */ = {isa = PBXBuildFile; fileRef = 142443BB24CD6D2800301E57 /* MonsterRewardView.swift */; };
		142443BF24CE1B6800301E57 /* CombinationListView.swift in Sources */ = {isa = PBXBuildFile; fileRef = 142443BE24CE1B6800301E57 /* CombinationListView.swift */; };
		142443C324CE1DC000301E57 /* ImageLabelView.swift in Sources */ = {isa = PBXBuildFile; fileRef = 142443C224CE1DC000301E57 /* ImageLabelView.swift */; };
		142443C524D3FEFA00301E57 /* InternalLink.swift in Sources */ = {isa = PBXBuildFile; fileRef = 142443C424D3FEFA00301E57 /* InternalLink.swift */; };
		142443C824D4032400301E57 /* ItemDetailView.swift in Sources */ = {isa = PBXBuildFile; fileRef = 142443C724D4032400301E57 /* ItemDetailView.swift */; };
		142443CA24D4A99700301E57 /* CharmListView.swift in Sources */ = {isa = PBXBuildFile; fileRef = 142443C924D4A99700301E57 /* CharmListView.swift */; };
		142443CD24D4AA0C00301E57 /* CharmDetailView.swift in Sources */ = {isa = PBXBuildFile; fileRef = 142443CC24D4AA0C00301E57 /* CharmDetailView.swift */; };
		142443D024D4B05500301E57 /* ItemListView.swift in Sources */ = {isa = PBXBuildFile; fileRef = 142443CF24D4B05500301E57 /* ItemListView.swift */; };
		142443D224D4B1E200301E57 /* DecorationListView.swift in Sources */ = {isa = PBXBuildFile; fileRef = 142443D124D4B1E200301E57 /* DecorationListView.swift */; };
		143587C024D4B8FB00C3C4A5 /* DecorationDetailView.swift in Sources */ = {isa = PBXBuildFile; fileRef = 143587BF24D4B8FB00C3C4A5 /* DecorationDetailView.swift */; };
		1437A71323597C0B00910125 /* MonsterListView.swift in Sources */ = {isa = PBXBuildFile; fileRef = 1437A71223597C0B00910125 /* MonsterListView.swift */; };
		1437A7152359833500910125 /* SceneDelegate.swift in Sources */ = {isa = PBXBuildFile; fileRef = 1437A7142359833500910125 /* SceneDelegate.swift */; };
		1437A717235996F200910125 /* ListMenuView.swift in Sources */ = {isa = PBXBuildFile; fileRef = 1437A716235996F200910125 /* ListMenuView.swift */; };
		1437A719235D2A7000910125 /* ItemDetailCell.swift in Sources */ = {isa = PBXBuildFile; fileRef = 1437A718235D2A7000910125 /* ItemDetailCell.swift */; };
		1437A71C235D7AC500910125 /* BottomToolbar.swift in Sources */ = {isa = PBXBuildFile; fileRef = 1437A71B235D7AC500910125 /* BottomToolbar.swift */; };
		1437A720235D9F7500910125 /* MonsterDetailView.swift in Sources */ = {isa = PBXBuildFile; fileRef = 1437A71F235D9F7500910125 /* MonsterDetailView.swift */; };
		144306D5209EDC7600D60A5A /* Monster.swift in Sources */ = {isa = PBXBuildFile; fileRef = 144306D4209EDC7600D60A5A /* Monster.swift */; };
		144306D7209EEFFF00D60A5A /* Query.swift in Sources */ = {isa = PBXBuildFile; fileRef = 144306D6209EEFFF00D60A5A /* Query.swift */; };
		144306DA209F5BD300D60A5A /* MonsterHabitat.swift in Sources */ = {isa = PBXBuildFile; fileRef = 144306D9209F5BD300D60A5A /* MonsterHabitat.swift */; };
		144306DC209F72C800D60A5A /* MonsterHitzone.swift in Sources */ = {isa = PBXBuildFile; fileRef = 144306DB209F72C800D60A5A /* MonsterHitzone.swift */; };
		144306DE209FA95C00D60A5A /* MonsterRewards.swift in Sources */ = {isa = PBXBuildFile; fileRef = 144306DD209FA95C00D60A5A /* MonsterRewards.swift */; };
		144E526E23D67D6A00E919C5 /* AttributedText.swift in Sources */ = {isa = PBXBuildFile; fileRef = 144E526D23D67D6A00E919C5 /* AttributedText.swift */; };
		14506ED924D60157001BD9FF /* ValueView.swift in Sources */ = {isa = PBXBuildFile; fileRef = 14506ED824D60157001BD9FF /* ValueView.swift */; };
		14506EDB24D61ED4001BD9FF /* TreeSectionView.swift in Sources */ = {isa = PBXBuildFile; fileRef = 14506EDA24D61ED4001BD9FF /* TreeSectionView.swift */; };
		1450DA6120A95900000085C5 /* ItemQuest.swift in Sources */ = {isa = PBXBuildFile; fileRef = 1450DA6020A95900000085C5 /* ItemQuest.swift */; };
		1450DA6320A95915000085C5 /* ItemLocation.swift in Sources */ = {isa = PBXBuildFile; fileRef = 1450DA6220A95915000085C5 /* ItemLocation.swift */; };
		1450DA6520A95927000085C5 /* ItemMonster.swift in Sources */ = {isa = PBXBuildFile; fileRef = 1450DA6420A95927000085C5 /* ItemMonster.swift */; };
		1450DA6720A95930000085C5 /* ItemComponent.swift in Sources */ = {isa = PBXBuildFile; fileRef = 1450DA6620A95930000085C5 /* ItemComponent.swift */; };
		1450DA6920A963FC000085C5 /* ArmorSet.swift in Sources */ = {isa = PBXBuildFile; fileRef = 1450DA6820A963FC000085C5 /* ArmorSet.swift */; };
		1450DA6B20A96405000085C5 /* ArmorSkill.swift in Sources */ = {isa = PBXBuildFile; fileRef = 1450DA6A20A96405000085C5 /* ArmorSkill.swift */; };
		1450DA6D20A96414000085C5 /* RecipeComponent.swift in Sources */ = {isa = PBXBuildFile; fileRef = 1450DA6C20A96414000085C5 /* RecipeComponent.swift */; };
		1452DB1E1F71061F006A11D7 /* UserDefaults.swift in Sources */ = {isa = PBXBuildFile; fileRef = 1452DB1D1F71061F006A11D7 /* UserDefaults.swift */; };
		1452DB201F7108F8006A11D7 /* Int+TimeInterval.swift in Sources */ = {isa = PBXBuildFile; fileRef = 1452DB1F1F7108F8006A11D7 /* Int+TimeInterval.swift */; };
		14580B6A23BDD2B50018B89B /* CollapsableSection.swift in Sources */ = {isa = PBXBuildFile; fileRef = 14580B6923BDD2B50018B89B /* CollapsableSection.swift */; };
		145FEA771F78A6C100BF9237 /* ReviewManager.swift in Sources */ = {isa = PBXBuildFile; fileRef = 145FEA761F78A6C100BF9237 /* ReviewManager.swift */; };
		145FEA7A1F78A85200BF9237 /* ReviewTests.swift in Sources */ = {isa = PBXBuildFile; fileRef = 145FEA781F78A82400BF9237 /* ReviewTests.swift */; };
		146B6EAB25063D44008184FD /* SingleDetailView.swift in Sources */ = {isa = PBXBuildFile; fileRef = 146B6EAA25063D44008184FD /* SingleDetailView.swift */; };
		146B6EAD25074F25008184FD /* Melody.swift in Sources */ = {isa = PBXBuildFile; fileRef = 146B6EAC25074F25008184FD /* Melody.swift */; };
		146B6EAF25077BCF008184FD /* MelodyView.swift in Sources */ = {isa = PBXBuildFile; fileRef = 146B6EAE25077BCF008184FD /* MelodyView.swift */; };
		146B6EB125079004008184FD /* WeaponSkill.swift in Sources */ = {isa = PBXBuildFile; fileRef = 146B6EB025079004008184FD /* WeaponSkill.swift */; };
		146B6EB725104D4D008184FD /* SwiftyUserDefaults in Frameworks */ = {isa = PBXBuildFile; productRef = 146B6EB625104D4D008184FD /* SwiftyUserDefaults */; };
		146B6EBE25105759008184FD /* GRDB in Frameworks */ = {isa = PBXBuildFile; productRef = 146B6EBD25105759008184FD /* GRDB */; };
		147408DC24E11455006BC15E /* IconImage.swift in Sources */ = {isa = PBXBuildFile; fileRef = 147408DB24E11455006BC15E /* IconImage.swift */; };
		147408DE24E13ECD006BC15E /* QuestReward.swift in Sources */ = {isa = PBXBuildFile; fileRef = 147408DD24E13ECD006BC15E /* QuestReward.swift */; };
		147408E024E13EE9006BC15E /* QuestMonster.swift in Sources */ = {isa = PBXBuildFile; fileRef = 147408DF24E13EE9006BC15E /* QuestMonster.swift */; };
		147408E424E15208006BC15E /* View+Hidden.swift in Sources */ = {isa = PBXBuildFile; fileRef = 147408E324E15208006BC15E /* View+Hidden.swift */; };
		1475BDE02504E083003534A7 /* SocketsView.swift in Sources */ = {isa = PBXBuildFile; fileRef = 1475BDDF2504E083003534A7 /* SocketsView.swift */; };
		1475BDE22504E16D003534A7 /* SocketLevel.swift in Sources */ = {isa = PBXBuildFile; fileRef = 1475BDE12504E16D003534A7 /* SocketLevel.swift */; };
		1478DFB12511AB1E004318E7 /* SearchSection.swift in Sources */ = {isa = PBXBuildFile; fileRef = 1478DFB02511AB1E004318E7 /* SearchSection.swift */; };
		147D663024EA02CD0079FA8E /* Monster+Ailments.swift in Sources */ = {isa = PBXBuildFile; fileRef = 147D662F24EA02CD0079FA8E /* Monster+Ailments.swift */; };
		147E1E46251087EC00CEC9AF /* MonsterBreak.swift in Sources */ = {isa = PBXBuildFile; fileRef = 147E1E45251087EC00CEC9AF /* MonsterBreak.swift */; };
		1480482424D4D355001E407E /* ArmorSetListView.swift in Sources */ = {isa = PBXBuildFile; fileRef = 1480482324D4D355001E407E /* ArmorSetListView.swift */; };
		1480482624D4FCF8001E407E /* ArmorSetDetailView.swift in Sources */ = {isa = PBXBuildFile; fileRef = 1480482524D4FCF8001E407E /* ArmorSetDetailView.swift */; };
		1480482824D4FD06001E407E /* ArmorDetailView.swift in Sources */ = {isa = PBXBuildFile; fileRef = 1480482724D4FD06001E407E /* ArmorDetailView.swift */; };
		1480482C24D54E0B001E407E /* WeaponTypeListView.swift in Sources */ = {isa = PBXBuildFile; fileRef = 1480482B24D54E0A001E407E /* WeaponTypeListView.swift */; };
		1483AC1A24D550A500D6BB65 /* WeaponTreeView.swift in Sources */ = {isa = PBXBuildFile; fileRef = 1483AC1924D550A500D6BB65 /* WeaponTreeView.swift */; };
		1483AC1C24D550BE00D6BB65 /* WeaponDetailView.swift in Sources */ = {isa = PBXBuildFile; fileRef = 1483AC1B24D550BE00D6BB65 /* WeaponDetailView.swift */; };
		148812F920A2C31E006B91EF /* WeaponType.swift in Sources */ = {isa = PBXBuildFile; fileRef = 148812F820A2C31E006B91EF /* WeaponType.swift */; };
		148812FB20A2C378006B91EF /* WeaponAmmo.swift in Sources */ = {isa = PBXBuildFile; fileRef = 148812FA20A2C378006B91EF /* WeaponAmmo.swift */; };
		148812FD20A2C3AE006B91EF /* Notes.swift in Sources */ = {isa = PBXBuildFile; fileRef = 148812FC20A2C3AE006B91EF /* Notes.swift */; };
		148E02FF2515F39700839D90 /* SwiftlySearch in Frameworks */ = {isa = PBXBuildFile; productRef = 148E02FE2515F39700839D90 /* SwiftlySearch */; };
		148E03532516D44200839D90 /* DetailButtonsModifier.swift in Sources */ = {isa = PBXBuildFile; fileRef = 148E03522516D44200839D90 /* DetailButtonsModifier.swift */; };
		148E036325171AE400839D90 /* AboutView.swift in Sources */ = {isa = PBXBuildFile; fileRef = 148E036225171AE400839D90 /* AboutView.swift */; };
		148E036B25186EBA00839D90 /* CollapsableSectionHeader.swift in Sources */ = {isa = PBXBuildFile; fileRef = 148E036A25186EBA00839D90 /* CollapsableSectionHeader.swift */; };
		148E0381251B359F00839D90 /* ItemCell.swift in Sources */ = {isa = PBXBuildFile; fileRef = 148E0380251B359F00839D90 /* ItemCell.swift */; };
		148E0387251FEB1D00839D90 /* MonsterWeaknessesView.swift in Sources */ = {isa = PBXBuildFile; fileRef = 148E0386251FEB1D00839D90 /* MonsterWeaknessesView.swift */; };
		148E0390251FEE5900839D90 /* SettingsMenuView.swift in Sources */ = {isa = PBXBuildFile; fileRef = 148E038F251FEE5900839D90 /* SettingsMenuView.swift */; };
		148E0396251FEE6F00839D90 /* Language.swift in Sources */ = {isa = PBXBuildFile; fileRef = 148E0395251FEE6F00839D90 /* Language.swift */; };
		1495C57924E89FE000A56ECA /* GridView.swift in Sources */ = {isa = PBXBuildFile; fileRef = 1495C57824E89FE000A56ECA /* GridView.swift */; };
		14A24D791EA9D05400755F6A /* Assets.xcassets in Resources */ = {isa = PBXBuildFile; fileRef = 14A249701EA9D05300755F6A /* Assets.xcassets */; };
		14A24D7A1EA9D05400755F6A /* LaunchScreen.storyboard in Resources */ = {isa = PBXBuildFile; fileRef = 14A249711EA9D05300755F6A /* LaunchScreen.storyboard */; };
		14A250FD1EA9D05400755F6A /* Int+NullString.swift in Sources */ = {isa = PBXBuildFile; fileRef = 14A24D111EA9D05400755F6A /* Int+NullString.swift */; };
		14A251091EA9D05400755F6A /* Database.swift in Sources */ = {isa = PBXBuildFile; fileRef = 14A24D1E1EA9D05400755F6A /* Database.swift */; };
		14A2510F1EA9D05400755F6A /* Color.swift in Sources */ = {isa = PBXBuildFile; fileRef = 14A24D251EA9D05400755F6A /* Color.swift */; };
		14A251161EA9D05400755F6A /* Node.swift in Sources */ = {isa = PBXBuildFile; fileRef = 14A24D2F1EA9D05400755F6A /* Node.swift */; };
		14A251171EA9D05400755F6A /* Tree.swift in Sources */ = {isa = PBXBuildFile; fileRef = 14A24D301EA9D05400755F6A /* Tree.swift */; };
		14A2511B1EA9D05400755F6A /* Armor.swift in Sources */ = {isa = PBXBuildFile; fileRef = 14A24D351EA9D05400755F6A /* Armor.swift */; };
		14A2511C1EA9D05400755F6A /* Combination.swift in Sources */ = {isa = PBXBuildFile; fileRef = 14A24D361EA9D05400755F6A /* Combination.swift */; };
		14A2511E1EA9D05400755F6A /* Decoration.swift in Sources */ = {isa = PBXBuildFile; fileRef = 14A24D381EA9D05400755F6A /* Decoration.swift */; };
		14A2511F1EA9D05400755F6A /* Element.swift in Sources */ = {isa = PBXBuildFile; fileRef = 14A24D391EA9D05400755F6A /* Element.swift */; };
		14A251201EA9D05400755F6A /* ElementStats.swift in Sources */ = {isa = PBXBuildFile; fileRef = 14A24D3A1EA9D05400755F6A /* ElementStats.swift */; };
		14A251211EA9D05400755F6A /* Item.swift in Sources */ = {isa = PBXBuildFile; fileRef = 14A24D3B1EA9D05400755F6A /* Item.swift */; };
		14A251221EA9D05400755F6A /* Location.swift in Sources */ = {isa = PBXBuildFile; fileRef = 14A24D3C1EA9D05400755F6A /* Location.swift */; };
		14A251241EA9D05400755F6A /* Quest.swift in Sources */ = {isa = PBXBuildFile; fileRef = 14A24D3E1EA9D05400755F6A /* Quest.swift */; };
		14A251251EA9D05400755F6A /* Sharpness.swift in Sources */ = {isa = PBXBuildFile; fileRef = 14A24D3F1EA9D05400755F6A /* Sharpness.swift */; };
		14A251261EA9D05400755F6A /* SkillTree.swift in Sources */ = {isa = PBXBuildFile; fileRef = 14A24D401EA9D05400755F6A /* SkillTree.swift */; };
		14A251271EA9D05400755F6A /* Weapon.swift in Sources */ = {isa = PBXBuildFile; fileRef = 14A24D411EA9D05400755F6A /* Weapon.swift */; };
		14A251591EAC41B800755F6A /* String+Additions.swift in Sources */ = {isa = PBXBuildFile; fileRef = 14A251581EAC41B800755F6A /* String+Additions.swift */; };
		14A8414820BA136E00F36963 /* LocationMonsters.swift in Sources */ = {isa = PBXBuildFile; fileRef = 14A8414720BA136E00F36963 /* LocationMonsters.swift */; };
		14A8414A20BA137700F36963 /* LocationItems.swift in Sources */ = {isa = PBXBuildFile; fileRef = 14A8414920BA137700F36963 /* LocationItems.swift */; };
		14A8414E20BCDEAB00F36963 /* Charm.swift in Sources */ = {isa = PBXBuildFile; fileRef = 14A8414D20BCDEAB00F36963 /* Charm.swift */; };
		14A8415020BCDEDF00F36963 /* CharmSkill.swift in Sources */ = {isa = PBXBuildFile; fileRef = 14A8414F20BCDEDF00F36963 /* CharmSkill.swift */; };
		14A8415820BD024600F36963 /* SkilltreeCharm.swift in Sources */ = {isa = PBXBuildFile; fileRef = 14A8415720BD024600F36963 /* SkilltreeCharm.swift */; };
		14A8415A20BD025200F36963 /* SkilltreeSkills.swift in Sources */ = {isa = PBXBuildFile; fileRef = 14A8415920BD025200F36963 /* SkilltreeSkills.swift */; };
		14AD5F8D24EFAA490042421F /* SkilltreeArmor.swift in Sources */ = {isa = PBXBuildFile; fileRef = 14AD5F8C24EFAA490042421F /* SkilltreeArmor.swift */; };
		14AD5F8F24EFB3440042421F /* SkilltreeDecoration.swift in Sources */ = {isa = PBXBuildFile; fileRef = 14AD5F8E24EFB3440042421F /* SkilltreeDecoration.swift */; };
		14AD5F9124F0B4B80042421F /* LocationCamp.swift in Sources */ = {isa = PBXBuildFile; fileRef = 14AD5F9024F0B4B80042421F /* LocationCamp.swift */; };
		14AD5F9524F0E98D0042421F /* ImagePreloader.swift in Sources */ = {isa = PBXBuildFile; fileRef = 14AD5F9424F0E98D0042421F /* ImagePreloader.swift */; };
		14C4BE3A1F9D2DB6000DB8EC /* DataTests.swift in Sources */ = {isa = PBXBuildFile; fileRef = 14C4BE381F9D2DA0000DB8EC /* DataTests.swift */; };
		14C885A324D6838B00CF9465 /* AppDelegate.swift in Sources */ = {isa = PBXBuildFile; fileRef = 14C885A224D6838B00CF9465 /* AppDelegate.swift */; };
		14C885A924D80A3000CF9465 /* QuestListView.swift in Sources */ = {isa = PBXBuildFile; fileRef = 14C885A824D80A3000CF9465 /* QuestListView.swift */; };
		14C885AB24D80A8B00CF9465 /* QuestDetailView.swift in Sources */ = {isa = PBXBuildFile; fileRef = 14C885AA24D80A8B00CF9465 /* QuestDetailView.swift */; };
		14E2B5041EAD2229002A2A89 /* SharpnessView.swift in Sources */ = {isa = PBXBuildFile; fileRef = 14E2B4FF1EAD2229002A2A89 /* SharpnessView.swift */; };
		14E2B5131EB1041D002A2A89 /* Logging.swift in Sources */ = {isa = PBXBuildFile; fileRef = 14E2B5121EB1041D002A2A89 /* Logging.swift */; };
		14E704141EB8E9FC00EA2E71 /* PalicoWeapon.swift in Sources */ = {isa = PBXBuildFile; fileRef = 14E704131EB8E9FC00EA2E71 /* PalicoWeapon.swift */; };
		14E82E8923696B1F008B3B70 /* KeyboardObservingView.swift in Sources */ = {isa = PBXBuildFile; fileRef = 14E82E8323696B1F008B3B70 /* KeyboardObservingView.swift */; };
		14E82E8A23696B1F008B3B70 /* KeyboardObserving.swift in Sources */ = {isa = PBXBuildFile; fileRef = 14E82E8523696B1F008B3B70 /* KeyboardObserving.swift */; };
		14E82E8B23696B1F008B3B70 /* View+KeyboardObserving.swift in Sources */ = {isa = PBXBuildFile; fileRef = 14E82E8623696B1F008B3B70 /* View+KeyboardObserving.swift */; };
		14E82E8C23696B1F008B3B70 /* HiddenWhenKeyboardVisibleView.swift in Sources */ = {isa = PBXBuildFile; fileRef = 14E82E8723696B1F008B3B70 /* HiddenWhenKeyboardVisibleView.swift */; };
		14E82E8D23696B1F008B3B70 /* Keyboard.swift in Sources */ = {isa = PBXBuildFile; fileRef = 14E82E8823696B1F008B3B70 /* Keyboard.swift */; };
		14F9697024CD012C00BF0BDC /* LocationListView.swift in Sources */ = {isa = PBXBuildFile; fileRef = 14F9696F24CD012C00BF0BDC /* LocationListView.swift */; };
		14F9697B24CD05B400BF0BDC /* LocationDetailsView.swift in Sources */ = {isa = PBXBuildFile; fileRef = 14F9697A24CD05B400BF0BDC /* LocationDetailsView.swift */; };
		14F9697E24CD0ECD00BF0BDC /* SkillListView.swift in Sources */ = {isa = PBXBuildFile; fileRef = 14F9697D24CD0ECD00BF0BDC /* SkillListView.swift */; };
/* End PBXBuildFile section */

/* Begin PBXContainerItemProxy section */
		145495791EA9CEC5004FA5FA /* PBXContainerItemProxy */ = {
			isa = PBXContainerItemProxy;
			containerPortal = 1454955C1EA9CEC5004FA5FA /* Project object */;
			proxyType = 1;
			remoteGlobalIDString = 145495631EA9CEC5004FA5FA;
			remoteInfo = MHGDB;
		};
/* End PBXContainerItemProxy section */

/* Begin PBXFileReference section */
		14012DE224E912BB00AE1909 /* MonsterHitzoneView.swift */ = {isa = PBXFileReference; lastKnownFileType = sourcecode.swift; path = MonsterHitzoneView.swift; sourceTree = "<group>"; };
		1405268A207EF640001A5E96 /* mhw.db */ = {isa = PBXFileReference; lastKnownFileType = file; path = mhw.db; sourceTree = "<group>"; };
		1409C2A024FE1D7400ACD110 /* WeaponCellView.swift */ = {isa = PBXFileReference; lastKnownFileType = sourcecode.swift; path = WeaponCellView.swift; sourceTree = "<group>"; };
		140A133B1EDB57B9002FD025 /* SearchRequest.swift */ = {isa = PBXFileReference; fileEncoding = 4; lastKnownFileType = sourcecode.swift; path = SearchRequest.swift; sourceTree = "<group>"; };
		142443B924CD6C9B00301E57 /* SkillDetailsView.swift */ = {isa = PBXFileReference; lastKnownFileType = sourcecode.swift; path = SkillDetailsView.swift; sourceTree = "<group>"; };
		142443BB24CD6D2800301E57 /* MonsterRewardView.swift */ = {isa = PBXFileReference; lastKnownFileType = sourcecode.swift; path = MonsterRewardView.swift; sourceTree = "<group>"; };
		142443BE24CE1B6800301E57 /* CombinationListView.swift */ = {isa = PBXFileReference; lastKnownFileType = sourcecode.swift; path = CombinationListView.swift; sourceTree = "<group>"; };
		142443C224CE1DC000301E57 /* ImageLabelView.swift */ = {isa = PBXFileReference; lastKnownFileType = sourcecode.swift; path = ImageLabelView.swift; sourceTree = "<group>"; };
		142443C424D3FEFA00301E57 /* InternalLink.swift */ = {isa = PBXFileReference; lastKnownFileType = sourcecode.swift; path = InternalLink.swift; sourceTree = "<group>"; };
		142443C724D4032400301E57 /* ItemDetailView.swift */ = {isa = PBXFileReference; lastKnownFileType = sourcecode.swift; path = ItemDetailView.swift; sourceTree = "<group>"; };
		142443C924D4A99700301E57 /* CharmListView.swift */ = {isa = PBXFileReference; lastKnownFileType = sourcecode.swift; path = CharmListView.swift; sourceTree = "<group>"; };
		142443CC24D4AA0C00301E57 /* CharmDetailView.swift */ = {isa = PBXFileReference; lastKnownFileType = sourcecode.swift; path = CharmDetailView.swift; sourceTree = "<group>"; };
		142443CF24D4B05500301E57 /* ItemListView.swift */ = {isa = PBXFileReference; lastKnownFileType = sourcecode.swift; path = ItemListView.swift; sourceTree = "<group>"; };
		142443D124D4B1E200301E57 /* DecorationListView.swift */ = {isa = PBXFileReference; lastKnownFileType = sourcecode.swift; path = DecorationListView.swift; sourceTree = "<group>"; };
		143587BF24D4B8FB00C3C4A5 /* DecorationDetailView.swift */ = {isa = PBXFileReference; lastKnownFileType = sourcecode.swift; path = DecorationDetailView.swift; sourceTree = "<group>"; };
		1437A71223597C0B00910125 /* MonsterListView.swift */ = {isa = PBXFileReference; lastKnownFileType = sourcecode.swift; path = MonsterListView.swift; sourceTree = "<group>"; };
		1437A7142359833500910125 /* SceneDelegate.swift */ = {isa = PBXFileReference; lastKnownFileType = sourcecode.swift; path = SceneDelegate.swift; sourceTree = "<group>"; };
		1437A716235996F200910125 /* ListMenuView.swift */ = {isa = PBXFileReference; lastKnownFileType = sourcecode.swift; path = ListMenuView.swift; sourceTree = "<group>"; };
		1437A718235D2A7000910125 /* ItemDetailCell.swift */ = {isa = PBXFileReference; lastKnownFileType = sourcecode.swift; path = ItemDetailCell.swift; sourceTree = "<group>"; };
		1437A71B235D7AC500910125 /* BottomToolbar.swift */ = {isa = PBXFileReference; lastKnownFileType = sourcecode.swift; path = BottomToolbar.swift; sourceTree = "<group>"; };
		1437A71F235D9F7500910125 /* MonsterDetailView.swift */ = {isa = PBXFileReference; lastKnownFileType = sourcecode.swift; path = MonsterDetailView.swift; sourceTree = "<group>"; };
		144306D4209EDC7600D60A5A /* Monster.swift */ = {isa = PBXFileReference; lastKnownFileType = sourcecode.swift; path = Monster.swift; sourceTree = "<group>"; };
		144306D6209EEFFF00D60A5A /* Query.swift */ = {isa = PBXFileReference; lastKnownFileType = sourcecode.swift; path = Query.swift; sourceTree = "<group>"; };
		144306D9209F5BD300D60A5A /* MonsterHabitat.swift */ = {isa = PBXFileReference; lastKnownFileType = sourcecode.swift; path = MonsterHabitat.swift; sourceTree = "<group>"; };
		144306DB209F72C800D60A5A /* MonsterHitzone.swift */ = {isa = PBXFileReference; lastKnownFileType = sourcecode.swift; path = MonsterHitzone.swift; sourceTree = "<group>"; };
		144306DD209FA95C00D60A5A /* MonsterRewards.swift */ = {isa = PBXFileReference; lastKnownFileType = sourcecode.swift; path = MonsterRewards.swift; sourceTree = "<group>"; };
		144E526D23D67D6A00E919C5 /* AttributedText.swift */ = {isa = PBXFileReference; lastKnownFileType = sourcecode.swift; path = AttributedText.swift; sourceTree = "<group>"; };
		14506ED824D60157001BD9FF /* ValueView.swift */ = {isa = PBXFileReference; lastKnownFileType = sourcecode.swift; path = ValueView.swift; sourceTree = "<group>"; };
		14506EDA24D61ED4001BD9FF /* TreeSectionView.swift */ = {isa = PBXFileReference; lastKnownFileType = sourcecode.swift; path = TreeSectionView.swift; sourceTree = "<group>"; };
		1450DA6020A95900000085C5 /* ItemQuest.swift */ = {isa = PBXFileReference; lastKnownFileType = sourcecode.swift; path = ItemQuest.swift; sourceTree = "<group>"; };
		1450DA6220A95915000085C5 /* ItemLocation.swift */ = {isa = PBXFileReference; lastKnownFileType = sourcecode.swift; path = ItemLocation.swift; sourceTree = "<group>"; };
		1450DA6420A95927000085C5 /* ItemMonster.swift */ = {isa = PBXFileReference; lastKnownFileType = sourcecode.swift; path = ItemMonster.swift; sourceTree = "<group>"; };
		1450DA6620A95930000085C5 /* ItemComponent.swift */ = {isa = PBXFileReference; lastKnownFileType = sourcecode.swift; path = ItemComponent.swift; sourceTree = "<group>"; };
		1450DA6820A963FC000085C5 /* ArmorSet.swift */ = {isa = PBXFileReference; lastKnownFileType = sourcecode.swift; path = ArmorSet.swift; sourceTree = "<group>"; };
		1450DA6A20A96405000085C5 /* ArmorSkill.swift */ = {isa = PBXFileReference; lastKnownFileType = sourcecode.swift; path = ArmorSkill.swift; sourceTree = "<group>"; };
		1450DA6C20A96414000085C5 /* RecipeComponent.swift */ = {isa = PBXFileReference; lastKnownFileType = sourcecode.swift; path = RecipeComponent.swift; sourceTree = "<group>"; };
		1452DB1D1F71061F006A11D7 /* UserDefaults.swift */ = {isa = PBXFileReference; lastKnownFileType = sourcecode.swift; path = UserDefaults.swift; sourceTree = "<group>"; };
		1452DB1F1F7108F8006A11D7 /* Int+TimeInterval.swift */ = {isa = PBXFileReference; lastKnownFileType = sourcecode.swift; path = "Int+TimeInterval.swift"; sourceTree = "<group>"; };
		145495641EA9CEC5004FA5FA /* MHWDB.app */ = {isa = PBXFileReference; explicitFileType = wrapper.application; includeInIndex = 0; path = MHWDB.app; sourceTree = BUILT_PRODUCTS_DIR; };
		145495781EA9CEC5004FA5FA /* MHWDBTests.xctest */ = {isa = PBXFileReference; explicitFileType = wrapper.cfbundle; includeInIndex = 0; path = MHWDBTests.xctest; sourceTree = BUILT_PRODUCTS_DIR; };
		14580B6923BDD2B50018B89B /* CollapsableSection.swift */ = {isa = PBXFileReference; fileEncoding = 4; lastKnownFileType = sourcecode.swift; path = CollapsableSection.swift; sourceTree = "<group>"; };
		145FEA761F78A6C100BF9237 /* ReviewManager.swift */ = {isa = PBXFileReference; lastKnownFileType = sourcecode.swift; path = ReviewManager.swift; sourceTree = "<group>"; };
		145FEA781F78A82400BF9237 /* ReviewTests.swift */ = {isa = PBXFileReference; lastKnownFileType = sourcecode.swift; path = ReviewTests.swift; sourceTree = "<group>"; };
		146B6EAA25063D44008184FD /* SingleDetailView.swift */ = {isa = PBXFileReference; lastKnownFileType = sourcecode.swift; path = SingleDetailView.swift; sourceTree = "<group>"; };
		146B6EAC25074F25008184FD /* Melody.swift */ = {isa = PBXFileReference; lastKnownFileType = sourcecode.swift; path = Melody.swift; sourceTree = "<group>"; };
		146B6EAE25077BCF008184FD /* MelodyView.swift */ = {isa = PBXFileReference; lastKnownFileType = sourcecode.swift; path = MelodyView.swift; sourceTree = "<group>"; };
		146B6EB025079004008184FD /* WeaponSkill.swift */ = {isa = PBXFileReference; lastKnownFileType = sourcecode.swift; path = WeaponSkill.swift; sourceTree = "<group>"; };
		147408DB24E11455006BC15E /* IconImage.swift */ = {isa = PBXFileReference; lastKnownFileType = sourcecode.swift; path = IconImage.swift; sourceTree = "<group>"; };
		147408DD24E13ECD006BC15E /* QuestReward.swift */ = {isa = PBXFileReference; lastKnownFileType = sourcecode.swift; path = QuestReward.swift; sourceTree = "<group>"; };
		147408DF24E13EE9006BC15E /* QuestMonster.swift */ = {isa = PBXFileReference; lastKnownFileType = sourcecode.swift; path = QuestMonster.swift; sourceTree = "<group>"; };
		147408E324E15208006BC15E /* View+Hidden.swift */ = {isa = PBXFileReference; lastKnownFileType = sourcecode.swift; path = "View+Hidden.swift"; sourceTree = "<group>"; };
		1475BDDF2504E083003534A7 /* SocketsView.swift */ = {isa = PBXFileReference; lastKnownFileType = sourcecode.swift; path = SocketsView.swift; sourceTree = "<group>"; };
		1475BDE12504E16D003534A7 /* SocketLevel.swift */ = {isa = PBXFileReference; lastKnownFileType = sourcecode.swift; path = SocketLevel.swift; sourceTree = "<group>"; };
		1478DFB02511AB1E004318E7 /* SearchSection.swift */ = {isa = PBXFileReference; lastKnownFileType = sourcecode.swift; path = SearchSection.swift; sourceTree = "<group>"; };
		147D662F24EA02CD0079FA8E /* Monster+Ailments.swift */ = {isa = PBXFileReference; lastKnownFileType = sourcecode.swift; path = "Monster+Ailments.swift"; sourceTree = "<group>"; };
		147E1E45251087EC00CEC9AF /* MonsterBreak.swift */ = {isa = PBXFileReference; lastKnownFileType = sourcecode.swift; path = MonsterBreak.swift; sourceTree = "<group>"; };
		1480482324D4D355001E407E /* ArmorSetListView.swift */ = {isa = PBXFileReference; lastKnownFileType = sourcecode.swift; path = ArmorSetListView.swift; sourceTree = "<group>"; };
		1480482524D4FCF8001E407E /* ArmorSetDetailView.swift */ = {isa = PBXFileReference; lastKnownFileType = sourcecode.swift; path = ArmorSetDetailView.swift; sourceTree = "<group>"; };
		1480482724D4FD06001E407E /* ArmorDetailView.swift */ = {isa = PBXFileReference; lastKnownFileType = sourcecode.swift; path = ArmorDetailView.swift; sourceTree = "<group>"; };
		1480482B24D54E0A001E407E /* WeaponTypeListView.swift */ = {isa = PBXFileReference; lastKnownFileType = sourcecode.swift; path = WeaponTypeListView.swift; sourceTree = "<group>"; };
		1483AC1924D550A500D6BB65 /* WeaponTreeView.swift */ = {isa = PBXFileReference; lastKnownFileType = sourcecode.swift; path = WeaponTreeView.swift; sourceTree = "<group>"; };
		1483AC1B24D550BE00D6BB65 /* WeaponDetailView.swift */ = {isa = PBXFileReference; lastKnownFileType = sourcecode.swift; path = WeaponDetailView.swift; sourceTree = "<group>"; };
		148812F820A2C31E006B91EF /* WeaponType.swift */ = {isa = PBXFileReference; lastKnownFileType = sourcecode.swift; path = WeaponType.swift; sourceTree = "<group>"; };
		148812FA20A2C378006B91EF /* WeaponAmmo.swift */ = {isa = PBXFileReference; lastKnownFileType = sourcecode.swift; path = WeaponAmmo.swift; sourceTree = "<group>"; };
		148812FC20A2C3AE006B91EF /* Notes.swift */ = {isa = PBXFileReference; lastKnownFileType = sourcecode.swift; path = Notes.swift; sourceTree = "<group>"; };
		148E03522516D44200839D90 /* DetailButtonsModifier.swift */ = {isa = PBXFileReference; lastKnownFileType = sourcecode.swift; path = DetailButtonsModifier.swift; sourceTree = "<group>"; };
		148E036225171AE400839D90 /* AboutView.swift */ = {isa = PBXFileReference; lastKnownFileType = sourcecode.swift; path = AboutView.swift; sourceTree = "<group>"; };
		148E036A25186EBA00839D90 /* CollapsableSectionHeader.swift */ = {isa = PBXFileReference; lastKnownFileType = sourcecode.swift; path = CollapsableSectionHeader.swift; sourceTree = "<group>"; };
		148E0380251B359F00839D90 /* ItemCell.swift */ = {isa = PBXFileReference; lastKnownFileType = sourcecode.swift; path = ItemCell.swift; sourceTree = "<group>"; };
		148E0386251FEB1D00839D90 /* MonsterWeaknessesView.swift */ = {isa = PBXFileReference; lastKnownFileType = sourcecode.swift; path = MonsterWeaknessesView.swift; sourceTree = "<group>"; };
		148E038F251FEE5900839D90 /* SettingsMenuView.swift */ = {isa = PBXFileReference; lastKnownFileType = sourcecode.swift; path = SettingsMenuView.swift; sourceTree = "<group>"; };
		148E0395251FEE6F00839D90 /* Language.swift */ = {isa = PBXFileReference; lastKnownFileType = sourcecode.swift; path = Language.swift; sourceTree = "<group>"; };
		1495C57824E89FE000A56ECA /* GridView.swift */ = {isa = PBXFileReference; lastKnownFileType = sourcecode.swift; path = GridView.swift; sourceTree = "<group>"; };
		14A249701EA9D05300755F6A /* Assets.xcassets */ = {isa = PBXFileReference; lastKnownFileType = folder.assetcatalog; path = Assets.xcassets; sourceTree = "<group>"; };
		14A249721EA9D05300755F6A /* Base */ = {isa = PBXFileReference; lastKnownFileType = file.storyboard; name = Base; path = Base.lproj/LaunchScreen.storyboard; sourceTree = "<group>"; };
		14A24D0C1EA9D05400755F6A /* Info.plist */ = {isa = PBXFileReference; fileEncoding = 4; lastKnownFileType = text.plist.xml; path = Info.plist; sourceTree = "<group>"; };
		14A24D111EA9D05400755F6A /* Int+NullString.swift */ = {isa = PBXFileReference; fileEncoding = 4; lastKnownFileType = sourcecode.swift; path = "Int+NullString.swift"; sourceTree = "<group>"; };
		14A24D1E1EA9D05400755F6A /* Database.swift */ = {isa = PBXFileReference; fileEncoding = 4; lastKnownFileType = sourcecode.swift; path = Database.swift; sourceTree = "<group>"; };
		14A24D251EA9D05400755F6A /* Color.swift */ = {isa = PBXFileReference; fileEncoding = 4; lastKnownFileType = sourcecode.swift; path = Color.swift; sourceTree = "<group>"; };
		14A24D2F1EA9D05400755F6A /* Node.swift */ = {isa = PBXFileReference; fileEncoding = 4; lastKnownFileType = sourcecode.swift; path = Node.swift; sourceTree = "<group>"; };
		14A24D301EA9D05400755F6A /* Tree.swift */ = {isa = PBXFileReference; fileEncoding = 4; lastKnownFileType = sourcecode.swift; path = Tree.swift; sourceTree = "<group>"; };
		14A24D351EA9D05400755F6A /* Armor.swift */ = {isa = PBXFileReference; fileEncoding = 4; lastKnownFileType = sourcecode.swift; path = Armor.swift; sourceTree = "<group>"; };
		14A24D361EA9D05400755F6A /* Combination.swift */ = {isa = PBXFileReference; fileEncoding = 4; lastKnownFileType = sourcecode.swift; path = Combination.swift; sourceTree = "<group>"; };
		14A24D381EA9D05400755F6A /* Decoration.swift */ = {isa = PBXFileReference; fileEncoding = 4; lastKnownFileType = sourcecode.swift; path = Decoration.swift; sourceTree = "<group>"; };
		14A24D391EA9D05400755F6A /* Element.swift */ = {isa = PBXFileReference; fileEncoding = 4; lastKnownFileType = sourcecode.swift; path = Element.swift; sourceTree = "<group>"; };
		14A24D3A1EA9D05400755F6A /* ElementStats.swift */ = {isa = PBXFileReference; fileEncoding = 4; lastKnownFileType = sourcecode.swift; path = ElementStats.swift; sourceTree = "<group>"; };
		14A24D3B1EA9D05400755F6A /* Item.swift */ = {isa = PBXFileReference; fileEncoding = 4; lastKnownFileType = sourcecode.swift; path = Item.swift; sourceTree = "<group>"; };
		14A24D3C1EA9D05400755F6A /* Location.swift */ = {isa = PBXFileReference; fileEncoding = 4; lastKnownFileType = sourcecode.swift; path = Location.swift; sourceTree = "<group>"; };
		14A24D3E1EA9D05400755F6A /* Quest.swift */ = {isa = PBXFileReference; fileEncoding = 4; lastKnownFileType = sourcecode.swift; path = Quest.swift; sourceTree = "<group>"; };
		14A24D3F1EA9D05400755F6A /* Sharpness.swift */ = {isa = PBXFileReference; fileEncoding = 4; lastKnownFileType = sourcecode.swift; path = Sharpness.swift; sourceTree = "<group>"; };
		14A24D401EA9D05400755F6A /* SkillTree.swift */ = {isa = PBXFileReference; fileEncoding = 4; lastKnownFileType = sourcecode.swift; path = SkillTree.swift; sourceTree = "<group>"; };
		14A24D411EA9D05400755F6A /* Weapon.swift */ = {isa = PBXFileReference; fileEncoding = 4; lastKnownFileType = sourcecode.swift; path = Weapon.swift; sourceTree = "<group>"; };
		14A251581EAC41B800755F6A /* String+Additions.swift */ = {isa = PBXFileReference; fileEncoding = 4; lastKnownFileType = sourcecode.swift; path = "String+Additions.swift"; sourceTree = "<group>"; };
		14A8414720BA136E00F36963 /* LocationMonsters.swift */ = {isa = PBXFileReference; lastKnownFileType = sourcecode.swift; path = LocationMonsters.swift; sourceTree = "<group>"; };
		14A8414920BA137700F36963 /* LocationItems.swift */ = {isa = PBXFileReference; lastKnownFileType = sourcecode.swift; path = LocationItems.swift; sourceTree = "<group>"; };
		14A8414D20BCDEAB00F36963 /* Charm.swift */ = {isa = PBXFileReference; lastKnownFileType = sourcecode.swift; path = Charm.swift; sourceTree = "<group>"; };
		14A8414F20BCDEDF00F36963 /* CharmSkill.swift */ = {isa = PBXFileReference; lastKnownFileType = sourcecode.swift; path = CharmSkill.swift; sourceTree = "<group>"; };
		14A8415720BD024600F36963 /* SkilltreeCharm.swift */ = {isa = PBXFileReference; lastKnownFileType = sourcecode.swift; path = SkilltreeCharm.swift; sourceTree = "<group>"; };
		14A8415920BD025200F36963 /* SkilltreeSkills.swift */ = {isa = PBXFileReference; lastKnownFileType = sourcecode.swift; path = SkilltreeSkills.swift; sourceTree = "<group>"; };
		14AD5F8C24EFAA490042421F /* SkilltreeArmor.swift */ = {isa = PBXFileReference; lastKnownFileType = sourcecode.swift; path = SkilltreeArmor.swift; sourceTree = "<group>"; };
		14AD5F8E24EFB3440042421F /* SkilltreeDecoration.swift */ = {isa = PBXFileReference; lastKnownFileType = sourcecode.swift; path = SkilltreeDecoration.swift; sourceTree = "<group>"; };
		14AD5F9024F0B4B80042421F /* LocationCamp.swift */ = {isa = PBXFileReference; lastKnownFileType = sourcecode.swift; path = LocationCamp.swift; sourceTree = "<group>"; };
		14AD5F9424F0E98D0042421F /* ImagePreloader.swift */ = {isa = PBXFileReference; lastKnownFileType = sourcecode.swift; path = ImagePreloader.swift; sourceTree = "<group>"; };
		14C4BE381F9D2DA0000DB8EC /* DataTests.swift */ = {isa = PBXFileReference; lastKnownFileType = sourcecode.swift; path = DataTests.swift; sourceTree = "<group>"; };
		14C885A224D6838B00CF9465 /* AppDelegate.swift */ = {isa = PBXFileReference; fileEncoding = 4; lastKnownFileType = sourcecode.swift; path = AppDelegate.swift; sourceTree = "<group>"; };
		14C885A824D80A3000CF9465 /* QuestListView.swift */ = {isa = PBXFileReference; lastKnownFileType = sourcecode.swift; path = QuestListView.swift; sourceTree = "<group>"; };
		14C885AA24D80A8B00CF9465 /* QuestDetailView.swift */ = {isa = PBXFileReference; lastKnownFileType = sourcecode.swift; path = QuestDetailView.swift; sourceTree = "<group>"; };
		14E2B4FF1EAD2229002A2A89 /* SharpnessView.swift */ = {isa = PBXFileReference; fileEncoding = 4; lastKnownFileType = sourcecode.swift; path = SharpnessView.swift; sourceTree = "<group>"; };
		14E2B5121EB1041D002A2A89 /* Logging.swift */ = {isa = PBXFileReference; fileEncoding = 4; lastKnownFileType = sourcecode.swift; path = Logging.swift; sourceTree = "<group>"; };
		14E704131EB8E9FC00EA2E71 /* PalicoWeapon.swift */ = {isa = PBXFileReference; fileEncoding = 4; lastKnownFileType = sourcecode.swift; path = PalicoWeapon.swift; sourceTree = "<group>"; };
		14E82E8323696B1F008B3B70 /* KeyboardObservingView.swift */ = {isa = PBXFileReference; fileEncoding = 4; lastKnownFileType = sourcecode.swift; path = KeyboardObservingView.swift; sourceTree = "<group>"; };
		14E82E8523696B1F008B3B70 /* KeyboardObserving.swift */ = {isa = PBXFileReference; fileEncoding = 4; lastKnownFileType = sourcecode.swift; path = KeyboardObserving.swift; sourceTree = "<group>"; };
		14E82E8623696B1F008B3B70 /* View+KeyboardObserving.swift */ = {isa = PBXFileReference; fileEncoding = 4; lastKnownFileType = sourcecode.swift; path = "View+KeyboardObserving.swift"; sourceTree = "<group>"; };
		14E82E8723696B1F008B3B70 /* HiddenWhenKeyboardVisibleView.swift */ = {isa = PBXFileReference; fileEncoding = 4; lastKnownFileType = sourcecode.swift; path = HiddenWhenKeyboardVisibleView.swift; sourceTree = "<group>"; };
		14E82E8823696B1F008B3B70 /* Keyboard.swift */ = {isa = PBXFileReference; fileEncoding = 4; lastKnownFileType = sourcecode.swift; path = Keyboard.swift; sourceTree = "<group>"; };
		14F9696F24CD012C00BF0BDC /* LocationListView.swift */ = {isa = PBXFileReference; lastKnownFileType = sourcecode.swift; path = LocationListView.swift; sourceTree = "<group>"; };
		14F9697A24CD05B400BF0BDC /* LocationDetailsView.swift */ = {isa = PBXFileReference; lastKnownFileType = sourcecode.swift; path = LocationDetailsView.swift; sourceTree = "<group>"; };
		14F9697D24CD0ECD00BF0BDC /* SkillListView.swift */ = {isa = PBXFileReference; lastKnownFileType = sourcecode.swift; path = SkillListView.swift; sourceTree = "<group>"; };
/* End PBXFileReference section */

/* Begin PBXFrameworksBuildPhase section */
		145495611EA9CEC5004FA5FA /* Frameworks */ = {
			isa = PBXFrameworksBuildPhase;
			buildActionMask = 2147483647;
			files = (
				148E02FF2515F39700839D90 /* SwiftlySearch in Frameworks */,
				146B6EB725104D4D008184FD /* SwiftyUserDefaults in Frameworks */,
				146B6EBE25105759008184FD /* GRDB in Frameworks */,
			);
			runOnlyForDeploymentPostprocessing = 0;
		};
		145495751EA9CEC5004FA5FA /* Frameworks */ = {
			isa = PBXFrameworksBuildPhase;
			buildActionMask = 2147483647;
			files = (
			);
			runOnlyForDeploymentPostprocessing = 0;
		};
/* End PBXFrameworksBuildPhase section */

/* Begin PBXGroup section */
		142443BD24CE1B3800301E57 /* Combination */ = {
			isa = PBXGroup;
			children = (
				142443BE24CE1B6800301E57 /* CombinationListView.swift */,
				144306F2209FB55500D60A5A /* Models */,
			);
			path = Combination;
			sourceTree = "<group>";
		};
		142443C624D4030400301E57 /* Item */ = {
			isa = PBXGroup;
			children = (
				142443C724D4032400301E57 /* ItemDetailView.swift */,
				142443CF24D4B05500301E57 /* ItemListView.swift */,
				144306E9209FB44B00D60A5A /* Models */,
			);
			path = Item;
			sourceTree = "<group>";
		};
		142443CB24D4A9D600301E57 /* Charm */ = {
			isa = PBXGroup;
			children = (
				142443CC24D4AA0C00301E57 /* CharmDetailView.swift */,
				142443C924D4A99700301E57 /* CharmListView.swift */,
				14A8414C20BCDE9C00F36963 /* Models */,
			);
			path = Charm;
			sourceTree = "<group>";
		};
		142443D324D4B1E800301E57 /* Decoration */ = {
			isa = PBXGroup;
			children = (
				143587BF24D4B8FB00C3C4A5 /* DecorationDetailView.swift */,
				142443D124D4B1E200301E57 /* DecorationListView.swift */,
				144306E7209FB42600D60A5A /* Models */,
			);
			path = Decoration;
			sourceTree = "<group>";
		};
		1437A71A235D7A7800910125 /* SwiftUiViews */ = {
			isa = PBXGroup;
			children = (
				144E526D23D67D6A00E919C5 /* AttributedText.swift */,
				1437A71B235D7AC500910125 /* BottomToolbar.swift */,
				14580B6923BDD2B50018B89B /* CollapsableSection.swift */,
				148E036A25186EBA00839D90 /* CollapsableSectionHeader.swift */,
				148E03522516D44200839D90 /* DetailButtonsModifier.swift */,
				1495C57824E89FE000A56ECA /* GridView.swift */,
				147408DB24E11455006BC15E /* IconImage.swift */,
				142443C224CE1DC000301E57 /* ImageLabelView.swift */,
				142443C424D3FEFA00301E57 /* InternalLink.swift */,
				148E0380251B359F00839D90 /* ItemCell.swift */,
				1437A718235D2A7000910125 /* ItemDetailCell.swift */,
				146B6EAA25063D44008184FD /* SingleDetailView.swift */,
				14506EDA24D61ED4001BD9FF /* TreeSectionView.swift */,
				14506ED824D60157001BD9FF /* ValueView.swift */,
				147408E324E15208006BC15E /* View+Hidden.swift */,
			);
			name = SwiftUiViews;
			path = MHWDB/SwiftUiViews;
			sourceTree = "<group>";
		};
		144306D8209F5A5400D60A5A /* Models */ = {
			isa = PBXGroup;
			children = (
				144306D4209EDC7600D60A5A /* Monster.swift */,
				147E1E45251087EC00CEC9AF /* MonsterBreak.swift */,
				144306DB209F72C800D60A5A /* MonsterHitzone.swift */,
				144306D9209F5BD300D60A5A /* MonsterHabitat.swift */,
				144306DD209FA95C00D60A5A /* MonsterRewards.swift */,
				147D662F24EA02CD0079FA8E /* Monster+Ailments.swift */,
			);
			path = Models;
			sourceTree = "<group>";
		};
		144306E2209FB36200D60A5A /* Models */ = {
			isa = PBXGroup;
			children = (
				14A24D401EA9D05400755F6A /* SkillTree.swift */,
				14AD5F8C24EFAA490042421F /* SkilltreeArmor.swift */,
				14A8415720BD024600F36963 /* SkilltreeCharm.swift */,
				14AD5F8E24EFB3440042421F /* SkilltreeDecoration.swift */,
				14A8415920BD025200F36963 /* SkilltreeSkills.swift */,
			);
			path = Models;
			sourceTree = "<group>";
		};
		144306E3209FB37100D60A5A /* Models */ = {
			isa = PBXGroup;
			children = (
				146B6EAC25074F25008184FD /* Melody.swift */,
				148812FC20A2C3AE006B91EF /* Notes.swift */,
				14A24D3F1EA9D05400755F6A /* Sharpness.swift */,
				14A24D411EA9D05400755F6A /* Weapon.swift */,
				148812FA20A2C378006B91EF /* WeaponAmmo.swift */,
				146B6EB025079004008184FD /* WeaponSkill.swift */,
				148812F820A2C31E006B91EF /* WeaponType.swift */,
			);
			path = Models;
			sourceTree = "<group>";
		};
		144306E5209FB3F200D60A5A /* Model */ = {
			isa = PBXGroup;
			children = (
				14E704131EB8E9FC00EA2E71 /* PalicoWeapon.swift */,
			);
			path = Model;
			sourceTree = "<group>";
		};
		144306E7209FB42600D60A5A /* Models */ = {
			isa = PBXGroup;
			children = (
				14A24D381EA9D05400755F6A /* Decoration.swift */,
			);
			path = Models;
			sourceTree = "<group>";
		};
		144306E9209FB44B00D60A5A /* Models */ = {
			isa = PBXGroup;
			children = (
				14A24D3B1EA9D05400755F6A /* Item.swift */,
				1450DA6620A95930000085C5 /* ItemComponent.swift */,
				1450DA6220A95915000085C5 /* ItemLocation.swift */,
				1450DA6420A95927000085C5 /* ItemMonster.swift */,
				1450DA6020A95900000085C5 /* ItemQuest.swift */,
				1450DA6C20A96414000085C5 /* RecipeComponent.swift */,
			);
			path = Models;
			sourceTree = "<group>";
		};
		144306EB209FB4A100D60A5A /* Models */ = {
			isa = PBXGroup;
			children = (
				14A24D351EA9D05400755F6A /* Armor.swift */,
				1450DA6820A963FC000085C5 /* ArmorSet.swift */,
				1450DA6A20A96405000085C5 /* ArmorSkill.swift */,
				1475BDE12504E16D003534A7 /* SocketLevel.swift */,
			);
			path = Models;
			sourceTree = "<group>";
		};
		144306EE209FB50D00D60A5A /* Models */ = {
			isa = PBXGroup;
			children = (
				14A24D3C1EA9D05400755F6A /* Location.swift */,
				14AD5F9024F0B4B80042421F /* LocationCamp.swift */,
				14A8414920BA137700F36963 /* LocationItems.swift */,
				14A8414720BA136E00F36963 /* LocationMonsters.swift */,
			);
			path = Models;
			sourceTree = "<group>";
		};
		144306F0209FB53B00D60A5A /* Models */ = {
			isa = PBXGroup;
			children = (
				14A24D3E1EA9D05400755F6A /* Quest.swift */,
				147408DF24E13EE9006BC15E /* QuestMonster.swift */,
				147408DD24E13ECD006BC15E /* QuestReward.swift */,
			);
			path = Models;
			sourceTree = "<group>";
		};
		144306F2209FB55500D60A5A /* Models */ = {
			isa = PBXGroup;
			children = (
				14A24D361EA9D05400755F6A /* Combination.swift */,
			);
			path = Models;
			sourceTree = "<group>";
		};
		1454955B1EA9CEC5004FA5FA = {
			isa = PBXGroup;
			children = (
				14A2496D1EA9D05300755F6A /* App */,
				14A2496F1EA9D05300755F6A /* Assets */,
				14A24D0D1EA9D05400755F6A /* Common */,
				145495651EA9CEC5004FA5FA /* Products */,
				14F9696A24CCFCC400BF0BDC /* Screens */,
				1437A71A235D7A7800910125 /* SwiftUiViews */,
				14A24D751EA9D05400755F6A /* Tests */,
			);
			sourceTree = "<group>";
		};
		145495651EA9CEC5004FA5FA /* Products */ = {
			isa = PBXGroup;
			children = (
				145495641EA9CEC5004FA5FA /* MHWDB.app */,
				145495781EA9CEC5004FA5FA /* MHWDBTests.xctest */,
			);
			name = Products;
			sourceTree = "<group>";
		};
		1478DFAF2511A991004318E7 /* Search */ = {
			isa = PBXGroup;
			children = (
				140A133B1EDB57B9002FD025 /* SearchRequest.swift */,
				1478DFB02511AB1E004318E7 /* SearchSection.swift */,
			);
			path = Search;
			sourceTree = "<group>";
		};
		1480482224D4D302001E407E /* Armor */ = {
			isa = PBXGroup;
			children = (
				1480482724D4FD06001E407E /* ArmorDetailView.swift */,
				1480482524D4FCF8001E407E /* ArmorSetDetailView.swift */,
				1480482324D4D355001E407E /* ArmorSetListView.swift */,
				1475BDDF2504E083003534A7 /* SocketsView.swift */,
				144306EB209FB4A100D60A5A /* Models */,
			);
			path = Armor;
			sourceTree = "<group>";
		};
		1480482924D5083E001E407E /* Quests */ = {
			isa = PBXGroup;
			children = (
				14C885AA24D80A8B00CF9465 /* QuestDetailView.swift */,
				14C885A824D80A3000CF9465 /* QuestListView.swift */,
				144306F0209FB53B00D60A5A /* Models */,
			);
			path = Quests;
			sourceTree = "<group>";
		};
		1480482A24D54D56001E407E /* Weapon */ = {
			isa = PBXGroup;
			children = (
				146B6EAE25077BCF008184FD /* MelodyView.swift */,
				14E2B4FF1EAD2229002A2A89 /* SharpnessView.swift */,
				1409C2A024FE1D7400ACD110 /* WeaponCellView.swift */,
				1483AC1B24D550BE00D6BB65 /* WeaponDetailView.swift */,
				1483AC1924D550A500D6BB65 /* WeaponTreeView.swift */,
				1480482B24D54E0A001E407E /* WeaponTypeListView.swift */,
				144306E3209FB37100D60A5A /* Models */,
			);
			path = Weapon;
			sourceTree = "<group>";
		};
		148E038E251FEE2800839D90 /* Settings */ = {
			isa = PBXGroup;
			children = (
				148E038F251FEE5900839D90 /* SettingsMenuView.swift */,
				148E0399251FEE7B00839D90 /* Model */,
			);
			path = Settings;
			sourceTree = "<group>";
		};
		148E0399251FEE7B00839D90 /* Model */ = {
			isa = PBXGroup;
			children = (
				148E0395251FEE6F00839D90 /* Language.swift */,
			);
			path = Model;
			sourceTree = "<group>";
		};
		14A2496D1EA9D05300755F6A /* App */ = {
			isa = PBXGroup;
			children = (
				14C885A224D6838B00CF9465 /* AppDelegate.swift */,
				1437A7142359833500910125 /* SceneDelegate.swift */,
			);
			name = App;
			path = MHWDB/App;
			sourceTree = "<group>";
		};
		14A2496F1EA9D05300755F6A /* Assets */ = {
			isa = PBXGroup;
			children = (
				14A249731EA9D05300755F6A /* databases */,
				14A249701EA9D05300755F6A /* Assets.xcassets */,
				14A24D0C1EA9D05400755F6A /* Info.plist */,
				14A249711EA9D05300755F6A /* LaunchScreen.storyboard */,
			);
			name = Assets;
			path = MHWDB/Assets;
			sourceTree = "<group>";
		};
		14A249731EA9D05300755F6A /* databases */ = {
			isa = PBXGroup;
			children = (
				1405268A207EF640001A5E96 /* mhw.db */,
			);
			path = databases;
			sourceTree = "<group>";
		};
		14A24D0D1EA9D05400755F6A /* Common */ = {
			isa = PBXGroup;
			children = (
				14A24D251EA9D05400755F6A /* Color.swift */,
				14AD5F9424F0E98D0042421F /* ImagePreloader.swift */,
				14E2B5121EB1041D002A2A89 /* Logging.swift */,
				145FEA761F78A6C100BF9237 /* ReviewManager.swift */,
				1452DB1D1F71061F006A11D7 /* UserDefaults.swift */,
				14A24D0E1EA9D05400755F6A /* Categories */,
				14C885A424D6865F00CF9465 /* Database */,
				14A24D341EA9D05400755F6A /* Element */,
				14E82E8223696B1F008B3B70 /* KeyboardObserving (iOS13) */,
				14A24D2E1EA9D05400755F6A /* Tree */,
			);
			name = Common;
			path = MHWDB/Common;
			sourceTree = "<group>";
		};
		14A24D0E1EA9D05400755F6A /* Categories */ = {
			isa = PBXGroup;
			children = (
				14A24D111EA9D05400755F6A /* Int+NullString.swift */,
				1452DB1F1F7108F8006A11D7 /* Int+TimeInterval.swift */,
				14A251581EAC41B800755F6A /* String+Additions.swift */,
			);
			path = Categories;
			sourceTree = "<group>";
		};
		14A24D2E1EA9D05400755F6A /* Tree */ = {
			isa = PBXGroup;
			children = (
				14A24D2F1EA9D05400755F6A /* Node.swift */,
				14A24D301EA9D05400755F6A /* Tree.swift */,
			);
			path = Tree;
			sourceTree = "<group>";
		};
		14A24D341EA9D05400755F6A /* Element */ = {
			isa = PBXGroup;
			children = (
				14A24D391EA9D05400755F6A /* Element.swift */,
				14A24D3A1EA9D05400755F6A /* ElementStats.swift */,
			);
			path = Element;
			sourceTree = "<group>";
		};
		14A24D751EA9D05400755F6A /* Tests */ = {
			isa = PBXGroup;
			children = (
				14C4BE381F9D2DA0000DB8EC /* DataTests.swift */,
				145FEA781F78A82400BF9237 /* ReviewTests.swift */,
			);
			name = Tests;
			path = MHWDB/Tests;
			sourceTree = "<group>";
		};
		14A8414C20BCDE9C00F36963 /* Models */ = {
			isa = PBXGroup;
			children = (
				14A8414D20BCDEAB00F36963 /* Charm.swift */,
				14A8414F20BCDEDF00F36963 /* CharmSkill.swift */,
			);
			path = Models;
			sourceTree = "<group>";
		};
		14C885A124D6828200CF9465 /* Palico */ = {
			isa = PBXGroup;
			children = (
				144306E5209FB3F200D60A5A /* Model */,
			);
			path = Palico;
			sourceTree = "<group>";
		};
		14C885A424D6865F00CF9465 /* Database */ = {
			isa = PBXGroup;
			children = (
				14A24D1E1EA9D05400755F6A /* Database.swift */,
				144306D6209EEFFF00D60A5A /* Query.swift */,
			);
			path = Database;
			sourceTree = "<group>";
		};
		14E82E8223696B1F008B3B70 /* KeyboardObserving (iOS13) */ = {
			isa = PBXGroup;
			children = (
				14E82E8423696B1F008B3B70 /* viewmodifier */,
				14E82E8323696B1F008B3B70 /* KeyboardObservingView.swift */,
				14E82E8723696B1F008B3B70 /* HiddenWhenKeyboardVisibleView.swift */,
				14E82E8823696B1F008B3B70 /* Keyboard.swift */,
			);
			path = "KeyboardObserving (iOS13)";
			sourceTree = "<group>";
		};
		14E82E8423696B1F008B3B70 /* viewmodifier */ = {
			isa = PBXGroup;
			children = (
				14E82E8523696B1F008B3B70 /* KeyboardObserving.swift */,
				14E82E8623696B1F008B3B70 /* View+KeyboardObserving.swift */,
			);
			path = viewmodifier;
			sourceTree = "<group>";
		};
		14F9696A24CCFCC400BF0BDC /* Screens */ = {
			isa = PBXGroup;
			children = (
				148E036225171AE400839D90 /* AboutView.swift */,
				1437A716235996F200910125 /* ListMenuView.swift */,
				1480482224D4D302001E407E /* Armor */,
				142443CB24D4A9D600301E57 /* Charm */,
				142443BD24CE1B3800301E57 /* Combination */,
				142443D324D4B1E800301E57 /* Decoration */,
				142443C624D4030400301E57 /* Item */,
				14F9696E24CD00B700BF0BDC /* Location */,
				14F9696C24CCFF6500BF0BDC /* Monster */,
				14C885A124D6828200CF9465 /* Palico */,
				1478DFAF2511A991004318E7 /* Search */,
				148E038E251FEE2800839D90 /* Settings */,
				14F9697C24CD0EA200BF0BDC /* Skill */,
				1480482A24D54D56001E407E /* Weapon */,
				1480482924D5083E001E407E /* Quests */,
			);
			name = Screens;
			path = MHWDB/Screens;
			sourceTree = "<group>";
		};
		14F9696C24CCFF6500BF0BDC /* Monster */ = {
			isa = PBXGroup;
			children = (
				1437A71F235D9F7500910125 /* MonsterDetailView.swift */,
				14012DE224E912BB00AE1909 /* MonsterHitzoneView.swift */,
				1437A71223597C0B00910125 /* MonsterListView.swift */,
				142443BB24CD6D2800301E57 /* MonsterRewardView.swift */,
				148E0386251FEB1D00839D90 /* MonsterWeaknessesView.swift */,
				144306D8209F5A5400D60A5A /* Models */,
			);
			path = Monster;
			sourceTree = "<group>";
		};
		14F9696E24CD00B700BF0BDC /* Location */ = {
			isa = PBXGroup;
			children = (
				14F9697A24CD05B400BF0BDC /* LocationDetailsView.swift */,
				14F9696F24CD012C00BF0BDC /* LocationListView.swift */,
				144306EE209FB50D00D60A5A /* Models */,
			);
			path = Location;
			sourceTree = "<group>";
		};
		14F9697C24CD0EA200BF0BDC /* Skill */ = {
			isa = PBXGroup;
			children = (
				142443B924CD6C9B00301E57 /* SkillDetailsView.swift */,
				14F9697D24CD0ECD00BF0BDC /* SkillListView.swift */,
				144306E2209FB36200D60A5A /* Models */,
			);
			path = Skill;
			sourceTree = "<group>";
		};
/* End PBXGroup section */

/* Begin PBXNativeTarget section */
		145495631EA9CEC5004FA5FA /* MHWDB */ = {
			isa = PBXNativeTarget;
			buildConfigurationList = 145495811EA9CEC5004FA5FA /* Build configuration list for PBXNativeTarget "MHWDB" */;
			buildPhases = (
				145495601EA9CEC5004FA5FA /* Sources */,
				145495611EA9CEC5004FA5FA /* Frameworks */,
				145495621EA9CEC5004FA5FA /* Resources */,
				149CFE5D20B93D940004A57D /* ShellScript */,
			);
			buildRules = (
			);
			dependencies = (
			);
			name = MHWDB;
			packageProductDependencies = (
				146B6EB625104D4D008184FD /* SwiftyUserDefaults */,
				146B6EBD25105759008184FD /* GRDB */,
				148E02FE2515F39700839D90 /* SwiftlySearch */,
			);
			productName = MHGDB;
			productReference = 145495641EA9CEC5004FA5FA /* MHWDB.app */;
			productType = "com.apple.product-type.application";
		};
		145495771EA9CEC5004FA5FA /* MHWDBTests */ = {
			isa = PBXNativeTarget;
			buildConfigurationList = 145495841EA9CEC5004FA5FA /* Build configuration list for PBXNativeTarget "MHWDBTests" */;
			buildPhases = (
				145495741EA9CEC5004FA5FA /* Sources */,
				145495751EA9CEC5004FA5FA /* Frameworks */,
				145495761EA9CEC5004FA5FA /* Resources */,
			);
			buildRules = (
			);
			dependencies = (
				1454957A1EA9CEC5004FA5FA /* PBXTargetDependency */,
			);
			name = MHWDBTests;
			productName = MHGDBTests;
			productReference = 145495781EA9CEC5004FA5FA /* MHWDBTests.xctest */;
			productType = "com.apple.product-type.bundle.unit-test";
		};
/* End PBXNativeTarget section */

/* Begin PBXProject section */
		1454955C1EA9CEC5004FA5FA /* Project object */ = {
			isa = PBXProject;
			attributes = {
				LastSwiftUpdateCheck = 0830;
				LastUpgradeCheck = 1200;
				ORGANIZATIONNAME = "Gathering Hall Studios";
				TargetAttributes = {
					145495631EA9CEC5004FA5FA = {
						CreatedOnToolsVersion = 8.3.1;
						DevelopmentTeam = YNK39UG84R;
						LastSwiftMigration = 1110;
						ProvisioningStyle = Automatic;
					};
					145495771EA9CEC5004FA5FA = {
						CreatedOnToolsVersion = 8.3.1;
						DevelopmentTeam = P3987TZ3DB;
						ProvisioningStyle = Automatic;
						TestTargetID = 145495631EA9CEC5004FA5FA;
					};
				};
			};
			buildConfigurationList = 1454955F1EA9CEC5004FA5FA /* Build configuration list for PBXProject "MHWDB" */;
			compatibilityVersion = "Xcode 3.2";
			developmentRegion = en;
			hasScannedForEncodings = 0;
			knownRegions = (
				en,
				Base,
			);
			mainGroup = 1454955B1EA9CEC5004FA5FA;
			packageReferences = (
				146B6EB525104D4D008184FD /* XCRemoteSwiftPackageReference "SwiftyUserDefaults" */,
				146B6EBC25105759008184FD /* XCRemoteSwiftPackageReference "GRDB.swift" */,
				148E02FD2515F39700839D90 /* XCRemoteSwiftPackageReference "SwiftlySearch" */,
			);
			productRefGroup = 145495651EA9CEC5004FA5FA /* Products */;
			projectDirPath = "";
			projectRoot = "";
			targets = (
				145495631EA9CEC5004FA5FA /* MHWDB */,
				145495771EA9CEC5004FA5FA /* MHWDBTests */,
			);
		};
/* End PBXProject section */

/* Begin PBXResourcesBuildPhase section */
		145495621EA9CEC5004FA5FA /* Resources */ = {
			isa = PBXResourcesBuildPhase;
			buildActionMask = 2147483647;
			files = (
				14A24D791EA9D05400755F6A /* Assets.xcassets in Resources */,
				14A24D7A1EA9D05400755F6A /* LaunchScreen.storyboard in Resources */,
				1405268B207EF640001A5E96 /* mhw.db in Resources */,
			);
			runOnlyForDeploymentPostprocessing = 0;
		};
		145495761EA9CEC5004FA5FA /* Resources */ = {
			isa = PBXResourcesBuildPhase;
			buildActionMask = 2147483647;
			files = (
			);
			runOnlyForDeploymentPostprocessing = 0;
		};
/* End PBXResourcesBuildPhase section */

/* Begin PBXShellScriptBuildPhase section */
		149CFE5D20B93D940004A57D /* ShellScript */ = {
			isa = PBXShellScriptBuildPhase;
			buildActionMask = 2147483647;
			files = (
			);
			inputPaths = (
			);
			outputPaths = (
			);
			runOnlyForDeploymentPostprocessing = 0;
			shellPath = /bin/sh;
			shellScript = "if which swiftlint >/dev/null; then\n  swiftlint\nelse\n  echo \"warning: SwiftLint not installed, download from https://github.com/realm/SwiftLint\"\nfi\n";
		};
/* End PBXShellScriptBuildPhase section */

/* Begin PBXSourcesBuildPhase section */
		145495601EA9CEC5004FA5FA /* Sources */ = {
			isa = PBXSourcesBuildPhase;
			buildActionMask = 2147483647;
			files = (
				14A2511B1EA9D05400755F6A /* Armor.swift in Sources */,
				1450DA6D20A96414000085C5 /* RecipeComponent.swift in Sources */,
				1450DA6920A963FC000085C5 /* ArmorSet.swift in Sources */,
				14E82E8A23696B1F008B3B70 /* KeyboardObserving.swift in Sources */,
				1480482824D4FD06001E407E /* ArmorDetailView.swift in Sources */,
				142443C324CE1DC000301E57 /* ImageLabelView.swift in Sources */,
				148E0390251FEE5900839D90 /* SettingsMenuView.swift in Sources */,
				1450DA6B20A96405000085C5 /* ArmorSkill.swift in Sources */,
				14A8414E20BCDEAB00F36963 /* Charm.swift in Sources */,
				1437A720235D9F7500910125 /* MonsterDetailView.swift in Sources */,
				1437A719235D2A7000910125 /* ItemDetailCell.swift in Sources */,
				14A8415020BCDEDF00F36963 /* CharmSkill.swift in Sources */,
				147408E024E13EE9006BC15E /* QuestMonster.swift in Sources */,
				14506ED924D60157001BD9FF /* ValueView.swift in Sources */,
				14A2511C1EA9D05400755F6A /* Combination.swift in Sources */,
				14F9697024CD012C00BF0BDC /* LocationListView.swift in Sources */,
				14A251091EA9D05400755F6A /* Database.swift in Sources */,
				14A2511E1EA9D05400755F6A /* Decoration.swift in Sources */,
				147408E424E15208006BC15E /* View+Hidden.swift in Sources */,
				146B6EAB25063D44008184FD /* SingleDetailView.swift in Sources */,
				14580B6A23BDD2B50018B89B /* CollapsableSection.swift in Sources */,
				1483AC1C24D550BE00D6BB65 /* WeaponDetailView.swift in Sources */,
				14A2511F1EA9D05400755F6A /* Element.swift in Sources */,
				14A251201EA9D05400755F6A /* ElementStats.swift in Sources */,
				147408DE24E13ECD006BC15E /* QuestReward.swift in Sources */,
				144E526E23D67D6A00E919C5 /* AttributedText.swift in Sources */,
				1478DFB12511AB1E004318E7 /* SearchSection.swift in Sources */,
				147408DC24E11455006BC15E /* IconImage.swift in Sources */,
				14C885AB24D80A8B00CF9465 /* QuestDetailView.swift in Sources */,
				1437A71323597C0B00910125 /* MonsterListView.swift in Sources */,
				142443BF24CE1B6800301E57 /* CombinationListView.swift in Sources */,
				14AD5F9524F0E98D0042421F /* ImagePreloader.swift in Sources */,
				14A250FD1EA9D05400755F6A /* Int+NullString.swift in Sources */,
				1452DB201F7108F8006A11D7 /* Int+TimeInterval.swift in Sources */,
				14A251211EA9D05400755F6A /* Item.swift in Sources */,
				148E036325171AE400839D90 /* AboutView.swift in Sources */,
				1483AC1A24D550A500D6BB65 /* WeaponTreeView.swift in Sources */,
				1450DA6720A95930000085C5 /* ItemComponent.swift in Sources */,
				14F9697E24CD0ECD00BF0BDC /* SkillListView.swift in Sources */,
				148E036B25186EBA00839D90 /* CollapsableSectionHeader.swift in Sources */,
				1450DA6320A95915000085C5 /* ItemLocation.swift in Sources */,
				1450DA6520A95927000085C5 /* ItemMonster.swift in Sources */,
				1475BDE22504E16D003534A7 /* SocketLevel.swift in Sources */,
				14AD5F9124F0B4B80042421F /* LocationCamp.swift in Sources */,
				147D663024EA02CD0079FA8E /* Monster+Ailments.swift in Sources */,
				1480482624D4FCF8001E407E /* ArmorSetDetailView.swift in Sources */,
				1450DA6120A95900000085C5 /* ItemQuest.swift in Sources */,
				14A251221EA9D05400755F6A /* Location.swift in Sources */,
				14012DE324E912BB00AE1909 /* MonsterHitzoneView.swift in Sources */,
				14C885A324D6838B00CF9465 /* AppDelegate.swift in Sources */,
				14A8414A20BA137700F36963 /* LocationItems.swift in Sources */,
				14AD5F8D24EFAA490042421F /* SkilltreeArmor.swift in Sources */,
				148E03532516D44200839D90 /* DetailButtonsModifier.swift in Sources */,
				1475BDE02504E083003534A7 /* SocketsView.swift in Sources */,
				143587C024D4B8FB00C3C4A5 /* DecorationDetailView.swift in Sources */,
				14A8414820BA136E00F36963 /* LocationMonsters.swift in Sources */,
				148E0381251B359F00839D90 /* ItemCell.swift in Sources */,
				14E2B5131EB1041D002A2A89 /* Logging.swift in Sources */,
				14E82E8923696B1F008B3B70 /* KeyboardObservingView.swift in Sources */,
				14506EDB24D61ED4001BD9FF /* TreeSectionView.swift in Sources */,
				144306D5209EDC7600D60A5A /* Monster.swift in Sources */,
				144306DC209F72C800D60A5A /* MonsterHitzone.swift in Sources */,
				144306DA209F5BD300D60A5A /* MonsterHabitat.swift in Sources */,
				142443CD24D4AA0C00301E57 /* CharmDetailView.swift in Sources */,
				14C885A924D80A3000CF9465 /* QuestListView.swift in Sources */,
				144306DE209FA95C00D60A5A /* MonsterRewards.swift in Sources */,
				146B6EAD25074F25008184FD /* Melody.swift in Sources */,
				1480482424D4D355001E407E /* ArmorSetListView.swift in Sources */,
				1480482C24D54E0B001E407E /* WeaponTypeListView.swift in Sources */,
				142443BC24CD6D2800301E57 /* MonsterRewardView.swift in Sources */,
				14A251161EA9D05400755F6A /* Node.swift in Sources */,
				148812FD20A2C3AE006B91EF /* Notes.swift in Sources */,
				14E704141EB8E9FC00EA2E71 /* PalicoWeapon.swift in Sources */,
				1409C2A124FE1D7400ACD110 /* WeaponCellView.swift in Sources */,
				142443D224D4B1E200301E57 /* DecorationListView.swift in Sources */,
				14E82E8C23696B1F008B3B70 /* HiddenWhenKeyboardVisibleView.swift in Sources */,
				148E0387251FEB1D00839D90 /* MonsterWeaknessesView.swift in Sources */,
				1495C57924E89FE000A56ECA /* GridView.swift in Sources */,
				14AD5F8F24EFB3440042421F /* SkilltreeDecoration.swift in Sources */,
				144306D7209EEFFF00D60A5A /* Query.swift in Sources */,
				146B6EAF25077BCF008184FD /* MelodyView.swift in Sources */,
				14A251241EA9D05400755F6A /* Quest.swift in Sources */,
				142443BA24CD6C9B00301E57 /* SkillDetailsView.swift in Sources */,
				14E82E8D23696B1F008B3B70 /* Keyboard.swift in Sources */,
				145FEA771F78A6C100BF9237 /* ReviewManager.swift in Sources */,
				140A133C1EDB57B9002FD025 /* SearchRequest.swift in Sources */,
				142443C524D3FEFA00301E57 /* InternalLink.swift in Sources */,
				14A251251EA9D05400755F6A /* Sharpness.swift in Sources */,
				146B6EB125079004008184FD /* WeaponSkill.swift in Sources */,
				14E2B5041EAD2229002A2A89 /* SharpnessView.swift in Sources */,
				1437A717235996F200910125 /* ListMenuView.swift in Sources */,
				14A251261EA9D05400755F6A /* SkillTree.swift in Sources */,
				14A8415820BD024600F36963 /* SkilltreeCharm.swift in Sources */,
				14A8415A20BD025200F36963 /* SkilltreeSkills.swift in Sources */,
				14A251591EAC41B800755F6A /* String+Additions.swift in Sources */,
				14A2510F1EA9D05400755F6A /* Color.swift in Sources */,
				14A251171EA9D05400755F6A /* Tree.swift in Sources */,
				142443CA24D4A99700301E57 /* CharmListView.swift in Sources */,
				148E0396251FEE6F00839D90 /* Language.swift in Sources */,
				14E82E8B23696B1F008B3B70 /* View+KeyboardObserving.swift in Sources */,
				142443C824D4032400301E57 /* ItemDetailView.swift in Sources */,
				142443D024D4B05500301E57 /* ItemListView.swift in Sources */,
				147E1E46251087EC00CEC9AF /* MonsterBreak.swift in Sources */,
				1452DB1E1F71061F006A11D7 /* UserDefaults.swift in Sources */,
				14A251271EA9D05400755F6A /* Weapon.swift in Sources */,
				148812FB20A2C378006B91EF /* WeaponAmmo.swift in Sources */,
				1437A7152359833500910125 /* SceneDelegate.swift in Sources */,
				1437A71C235D7AC500910125 /* BottomToolbar.swift in Sources */,
				148812F920A2C31E006B91EF /* WeaponType.swift in Sources */,
				14F9697B24CD05B400BF0BDC /* LocationDetailsView.swift in Sources */,
			);
			runOnlyForDeploymentPostprocessing = 0;
		};
		145495741EA9CEC5004FA5FA /* Sources */ = {
			isa = PBXSourcesBuildPhase;
			buildActionMask = 2147483647;
			files = (
				14C4BE3A1F9D2DB6000DB8EC /* DataTests.swift in Sources */,
				145FEA7A1F78A85200BF9237 /* ReviewTests.swift in Sources */,
			);
			runOnlyForDeploymentPostprocessing = 0;
		};
/* End PBXSourcesBuildPhase section */

/* Begin PBXTargetDependency section */
		1454957A1EA9CEC5004FA5FA /* PBXTargetDependency */ = {
			isa = PBXTargetDependency;
			target = 145495631EA9CEC5004FA5FA /* MHWDB */;
			targetProxy = 145495791EA9CEC5004FA5FA /* PBXContainerItemProxy */;
		};
/* End PBXTargetDependency section */

/* Begin PBXVariantGroup section */
		14A249711EA9D05300755F6A /* LaunchScreen.storyboard */ = {
			isa = PBXVariantGroup;
			children = (
				14A249721EA9D05300755F6A /* Base */,
			);
			name = LaunchScreen.storyboard;
			sourceTree = "<group>";
		};
/* End PBXVariantGroup section */

/* Begin XCBuildConfiguration section */
		1454957F1EA9CEC5004FA5FA /* Debug */ = {
			isa = XCBuildConfiguration;
			buildSettings = {
				ALWAYS_SEARCH_USER_PATHS = NO;
				CLANG_ANALYZER_LOCALIZABILITY_NONLOCALIZED = YES;
				CLANG_ANALYZER_NONNULL = YES;
				CLANG_ANALYZER_NUMBER_OBJECT_CONVERSION = YES_AGGRESSIVE;
				CLANG_CXX_LANGUAGE_STANDARD = "gnu++0x";
				CLANG_CXX_LIBRARY = "libc++";
				CLANG_ENABLE_MODULES = YES;
				CLANG_ENABLE_OBJC_ARC = YES;
				CLANG_WARN_BLOCK_CAPTURE_AUTORELEASING = YES;
				CLANG_WARN_BOOL_CONVERSION = YES;
				CLANG_WARN_COMMA = YES;
				CLANG_WARN_CONSTANT_CONVERSION = YES;
				CLANG_WARN_DEPRECATED_OBJC_IMPLEMENTATIONS = YES;
				CLANG_WARN_DIRECT_OBJC_ISA_USAGE = YES_ERROR;
				CLANG_WARN_DOCUMENTATION_COMMENTS = YES;
				CLANG_WARN_EMPTY_BODY = YES;
				CLANG_WARN_ENUM_CONVERSION = YES;
				CLANG_WARN_INFINITE_RECURSION = YES;
				CLANG_WARN_INT_CONVERSION = YES;
				CLANG_WARN_NON_LITERAL_NULL_CONVERSION = YES;
				CLANG_WARN_OBJC_IMPLICIT_RETAIN_SELF = YES;
				CLANG_WARN_OBJC_LITERAL_CONVERSION = YES;
				CLANG_WARN_OBJC_ROOT_CLASS = YES_ERROR;
				CLANG_WARN_QUOTED_INCLUDE_IN_FRAMEWORK_HEADER = YES;
				CLANG_WARN_RANGE_LOOP_ANALYSIS = YES;
				CLANG_WARN_STRICT_PROTOTYPES = YES;
				CLANG_WARN_SUSPICIOUS_MOVE = YES;
				CLANG_WARN_UNREACHABLE_CODE = YES;
				CLANG_WARN__DUPLICATE_METHOD_MATCH = YES;
				"CODE_SIGN_IDENTITY[sdk=iphoneos*]" = "iPhone Developer";
				COPY_PHASE_STRIP = NO;
				DEBUG_INFORMATION_FORMAT = dwarf;
				ENABLE_STRICT_OBJC_MSGSEND = YES;
				ENABLE_TESTABILITY = YES;
				GCC_C_LANGUAGE_STANDARD = gnu99;
				GCC_DYNAMIC_NO_PIC = NO;
				GCC_NO_COMMON_BLOCKS = YES;
				GCC_OPTIMIZATION_LEVEL = 0;
				GCC_PREPROCESSOR_DEFINITIONS = (
					"DEBUG=1",
					"$(inherited)",
				);
				GCC_WARN_64_TO_32_BIT_CONVERSION = YES;
				GCC_WARN_ABOUT_RETURN_TYPE = YES_ERROR;
				GCC_WARN_UNDECLARED_SELECTOR = YES;
				GCC_WARN_UNINITIALIZED_AUTOS = YES_AGGRESSIVE;
				GCC_WARN_UNUSED_FUNCTION = YES;
				GCC_WARN_UNUSED_VARIABLE = YES;
				IPHONEOS_DEPLOYMENT_TARGET = 13.0;
				MTL_ENABLE_DEBUG_INFO = YES;
				ONLY_ACTIVE_ARCH = YES;
				SDKROOT = iphoneos;
				SWIFT_ACTIVE_COMPILATION_CONDITIONS = DEBUG;
				SWIFT_OPTIMIZATION_LEVEL = "-Onone";
				TARGETED_DEVICE_FAMILY = "1,2";
			};
			name = Debug;
		};
		145495801EA9CEC5004FA5FA /* Release */ = {
			isa = XCBuildConfiguration;
			buildSettings = {
				ALWAYS_SEARCH_USER_PATHS = NO;
				CLANG_ANALYZER_LOCALIZABILITY_NONLOCALIZED = YES;
				CLANG_ANALYZER_NONNULL = YES;
				CLANG_ANALYZER_NUMBER_OBJECT_CONVERSION = YES_AGGRESSIVE;
				CLANG_CXX_LANGUAGE_STANDARD = "gnu++0x";
				CLANG_CXX_LIBRARY = "libc++";
				CLANG_ENABLE_MODULES = YES;
				CLANG_ENABLE_OBJC_ARC = YES;
				CLANG_WARN_BLOCK_CAPTURE_AUTORELEASING = YES;
				CLANG_WARN_BOOL_CONVERSION = YES;
				CLANG_WARN_COMMA = YES;
				CLANG_WARN_CONSTANT_CONVERSION = YES;
				CLANG_WARN_DEPRECATED_OBJC_IMPLEMENTATIONS = YES;
				CLANG_WARN_DIRECT_OBJC_ISA_USAGE = YES_ERROR;
				CLANG_WARN_DOCUMENTATION_COMMENTS = YES;
				CLANG_WARN_EMPTY_BODY = YES;
				CLANG_WARN_ENUM_CONVERSION = YES;
				CLANG_WARN_INFINITE_RECURSION = YES;
				CLANG_WARN_INT_CONVERSION = YES;
				CLANG_WARN_NON_LITERAL_NULL_CONVERSION = YES;
				CLANG_WARN_OBJC_IMPLICIT_RETAIN_SELF = YES;
				CLANG_WARN_OBJC_LITERAL_CONVERSION = YES;
				CLANG_WARN_OBJC_ROOT_CLASS = YES_ERROR;
				CLANG_WARN_QUOTED_INCLUDE_IN_FRAMEWORK_HEADER = YES;
				CLANG_WARN_RANGE_LOOP_ANALYSIS = YES;
				CLANG_WARN_STRICT_PROTOTYPES = YES;
				CLANG_WARN_SUSPICIOUS_MOVE = YES;
				CLANG_WARN_UNREACHABLE_CODE = YES;
				CLANG_WARN__DUPLICATE_METHOD_MATCH = YES;
				"CODE_SIGN_IDENTITY[sdk=iphoneos*]" = "iPhone Developer";
				COPY_PHASE_STRIP = NO;
				DEBUG_INFORMATION_FORMAT = "dwarf-with-dsym";
				ENABLE_NS_ASSERTIONS = NO;
				ENABLE_STRICT_OBJC_MSGSEND = YES;
				GCC_C_LANGUAGE_STANDARD = gnu99;
				GCC_NO_COMMON_BLOCKS = YES;
				GCC_WARN_64_TO_32_BIT_CONVERSION = YES;
				GCC_WARN_ABOUT_RETURN_TYPE = YES_ERROR;
				GCC_WARN_UNDECLARED_SELECTOR = YES;
				GCC_WARN_UNINITIALIZED_AUTOS = YES_AGGRESSIVE;
				GCC_WARN_UNUSED_FUNCTION = YES;
				GCC_WARN_UNUSED_VARIABLE = YES;
				IPHONEOS_DEPLOYMENT_TARGET = 13.0;
				MTL_ENABLE_DEBUG_INFO = NO;
				SDKROOT = iphoneos;
				SWIFT_COMPILATION_MODE = wholemodule;
				SWIFT_OPTIMIZATION_LEVEL = "-O";
				TARGETED_DEVICE_FAMILY = "1,2";
				VALIDATE_PRODUCT = YES;
			};
			name = Release;
		};
		145495821EA9CEC5004FA5FA /* Debug */ = {
			isa = XCBuildConfiguration;
			buildSettings = {
				ASSETCATALOG_COMPILER_APPICON_NAME = AppIcon;
				DEVELOPMENT_TEAM = YNK39UG84R;
				INFOPLIST_FILE = MHWDB/Assets/Info.plist;
				LD_RUNPATH_SEARCH_PATHS = (
					"$(inherited)",
					"@executable_path/Frameworks",
				);
				PRODUCT_BUNDLE_IDENTIFIER = com.ghstudios.MHWDB;
				PRODUCT_NAME = "$(TARGET_NAME)";
				SWIFT_VERSION = 5.0;
				TARGETED_DEVICE_FAMILY = 1;
			};
			name = Debug;
		};
		145495831EA9CEC5004FA5FA /* Release */ = {
			isa = XCBuildConfiguration;
			buildSettings = {
				ASSETCATALOG_COMPILER_APPICON_NAME = AppIcon;
				DEVELOPMENT_TEAM = YNK39UG84R;
				INFOPLIST_FILE = MHWDB/Assets/Info.plist;
				LD_RUNPATH_SEARCH_PATHS = (
					"$(inherited)",
					"@executable_path/Frameworks",
				);
				PRODUCT_BUNDLE_IDENTIFIER = com.ghstudios.MHWDB;
				PRODUCT_NAME = "$(TARGET_NAME)";
				SWIFT_VERSION = 5.0;
				TARGETED_DEVICE_FAMILY = 1;
			};
			name = Release;
		};
		145495851EA9CEC5004FA5FA /* Debug */ = {
			isa = XCBuildConfiguration;
			buildSettings = {
				ALWAYS_EMBED_SWIFT_STANDARD_LIBRARIES = YES;
				BUNDLE_LOADER = "$(TEST_HOST)";
				DEVELOPMENT_TEAM = P3987TZ3DB;
				INFOPLIST_FILE = MHWDB/Tests/Info.plist;
				LD_RUNPATH_SEARCH_PATHS = (
					"$(inherited)",
					"@executable_path/Frameworks",
					"@loader_path/Frameworks",
				);
				PRODUCT_BUNDLE_IDENTIFIER = com.ghstudios.MHWDBTests;
				PRODUCT_NAME = "$(TARGET_NAME)";
				SWIFT_VERSION = 4.0;
				TEST_HOST = "$(BUILT_PRODUCTS_DIR)/MHWDB.app/MHWDB";
			};
			name = Debug;
		};
		145495861EA9CEC5004FA5FA /* Release */ = {
			isa = XCBuildConfiguration;
			buildSettings = {
				ALWAYS_EMBED_SWIFT_STANDARD_LIBRARIES = YES;
				BUNDLE_LOADER = "$(TEST_HOST)";
				DEVELOPMENT_TEAM = P3987TZ3DB;
				INFOPLIST_FILE = MHWDB/Tests/Info.plist;
				LD_RUNPATH_SEARCH_PATHS = (
					"$(inherited)",
					"@executable_path/Frameworks",
					"@loader_path/Frameworks",
				);
				PRODUCT_BUNDLE_IDENTIFIER = com.ghstudios.MHWDBTests;
				PRODUCT_NAME = "$(TARGET_NAME)";
				SWIFT_VERSION = 4.0;
				TEST_HOST = "$(BUILT_PRODUCTS_DIR)/MHWDB.app/MHWDB";
			};
			name = Release;
		};
/* End XCBuildConfiguration section */

/* Begin XCConfigurationList section */
		1454955F1EA9CEC5004FA5FA /* Build configuration list for PBXProject "MHWDB" */ = {
			isa = XCConfigurationList;
			buildConfigurations = (
				1454957F1EA9CEC5004FA5FA /* Debug */,
				145495801EA9CEC5004FA5FA /* Release */,
			);
			defaultConfigurationIsVisible = 0;
			defaultConfigurationName = Release;
		};
		145495811EA9CEC5004FA5FA /* Build configuration list for PBXNativeTarget "MHWDB" */ = {
			isa = XCConfigurationList;
			buildConfigurations = (
				145495821EA9CEC5004FA5FA /* Debug */,
				145495831EA9CEC5004FA5FA /* Release */,
			);
			defaultConfigurationIsVisible = 0;
			defaultConfigurationName = Release;
		};
		145495841EA9CEC5004FA5FA /* Build configuration list for PBXNativeTarget "MHWDBTests" */ = {
			isa = XCConfigurationList;
			buildConfigurations = (
				145495851EA9CEC5004FA5FA /* Debug */,
				145495861EA9CEC5004FA5FA /* Release */,
			);
			defaultConfigurationIsVisible = 0;
			defaultConfigurationName = Release;
		};
/* End XCConfigurationList section */

/* Begin XCRemoteSwiftPackageReference section */
		146B6EB525104D4D008184FD /* XCRemoteSwiftPackageReference "SwiftyUserDefaults" */ = {
			isa = XCRemoteSwiftPackageReference;
			repositoryURL = "https://github.com/sunshinejr/SwiftyUserDefaults";
			requirement = {
				kind = upToNextMajorVersion;
				minimumVersion = 5.0.0;
			};
		};
		146B6EBC25105759008184FD /* XCRemoteSwiftPackageReference "GRDB.swift" */ = {
			isa = XCRemoteSwiftPackageReference;
			repositoryURL = "https://github.com/JoeLago/GRDB.swift.git";
			requirement = {
				branch = decoding_strategy;
				kind = branch;
			};
		};
		148E02FD2515F39700839D90 /* XCRemoteSwiftPackageReference "SwiftlySearch" */ = {
			isa = XCRemoteSwiftPackageReference;
			repositoryURL = "https://github.com/thislooksfun/SwiftlySearch";
			requirement = {
				kind = upToNextMajorVersion;
				minimumVersion = 1.2.1;
			};
		};
/* End XCRemoteSwiftPackageReference section */

/* Begin XCSwiftPackageProductDependency section */
		146B6EB625104D4D008184FD /* SwiftyUserDefaults */ = {
			isa = XCSwiftPackageProductDependency;
			package = 146B6EB525104D4D008184FD /* XCRemoteSwiftPackageReference "SwiftyUserDefaults" */;
			productName = SwiftyUserDefaults;
		};
		146B6EBD25105759008184FD /* GRDB */ = {
			isa = XCSwiftPackageProductDependency;
			package = 146B6EBC25105759008184FD /* XCRemoteSwiftPackageReference "GRDB.swift" */;
			productName = GRDB;
		};
		148E02FE2515F39700839D90 /* SwiftlySearch */ = {
			isa = XCSwiftPackageProductDependency;
			package = 148E02FD2515F39700839D90 /* XCRemoteSwiftPackageReference "SwiftlySearch" */;
			productName = SwiftlySearch;
		};
/* End XCSwiftPackageProductDependency section */
	};
	rootObject = 1454955C1EA9CEC5004FA5FA /* Project object */;
}
